
Microsoft Visual Studio Solution File, Format Version 12.00
# Visual Studio Version 17
VisualStudioVersion = 17.5.002.0
MinimumVisualStudioVersion = 10.0.40219.1
Project("{2150E333-8FDC-42A3-9474-1A3956D46DE8}") = "server", "server", "{949C9C4D-142D-4007-8C24-131B8C543C8F}"
EndProject
Project("{9A19103F-16F7-4668-BE54-9A1E7A4F7556}") = "dotnet", "server\dotnet\dotnet.csproj", "{322E6AEC-BA7F-4ED6-9872-C02F830B39B5}"
EndProject
Global
	GlobalSection(SolutionConfigurationPlatforms) = preSolution
		Debug|Any CPU = Debug|Any CPU
		Release|Any CPU = Release|Any CPU
	EndGlobalSection
	GlobalSection(ProjectConfigurationPlatforms) = postSolution
		{322E6AEC-BA7F-4ED6-9872-C02F830B39B5}.Debug|Any CPU.ActiveCfg = Debug|Any CPU
		{322E6AEC-BA7F-4ED6-9872-C02F830B39B5}.Debug|Any CPU.Build.0 = Debug|Any CPU
		{322E6AEC-BA7F-4ED6-9872-C02F830B39B5}.Release|Any CPU.ActiveCfg = Release|Any CPU
		{322E6AEC-BA7F-4ED6-9872-C02F830B39B5}.Release|Any CPU.Build.0 = Release|Any CPU
	EndGlobalSection
	GlobalSection(SolutionProperties) = preSolution
		HideSolutionNode = FALSE
	EndGlobalSection
	GlobalSection(NestedProjects) = preSolution
		{322E6AEC-BA7F-4ED6-9872-C02F830B39B5} = {949C9C4D-142D-4007-8C24-131B8C543C8F}
	EndGlobalSection
	GlobalSection(ExtensibilityGlobals) = postSolution
		SolutionGuid = {86D1D620-D478-4747-B859-4162FEEE07A5}
	EndGlobalSection
EndGlobal
